
Microsoft Visual Studio Solution File, Format Version 12.00
# Visual Studio 15
VisualStudioVersion = 15.0.27428.2037
MinimumVisualStudioVersion = 10.0.40219.1
Project("{FAE04EC0-301F-11D3-BF4B-00C04F79EFBC}") = "WinFormsChess", "WinFormsChess.csproj", "{0AE3391B-8D08-4C06-8AF5-D294219B8A3F}"
EndProject
Project("{FAE04EC0-301F-11D3-BF4B-00C04F79EFBC}") = "ChessEngine", "ChessEngine\ChessEngine.csproj", "{58F2CB49-0E23-4741-BA3D-B472A809FB29}"
EndProject
Global
	GlobalSection(SolutionConfigurationPlatforms) = preSolution
		Debug|Any CPU = Debug|Any CPU
		Release|Any CPU = Release|Any CPU
	EndGlobalSection
	GlobalSection(ProjectConfigurationPlatforms) = postSolution
		{0AE3391B-8D08-4C06-8AF5-D294219B8A3F}.Debug|Any CPU.ActiveCfg = Debug|Any CPU
		{0AE3391B-8D08-4C06-8AF5-D294219B8A3F}.Debug|Any CPU.Build.0 = Debug|Any CPU
		{0AE3391B-8D08-4C06-8AF5-D294219B8A3F}.Release|Any CPU.ActiveCfg = Release|Any CPU
		{0AE3391B-8D08-4C06-8AF5-D294219B8A3F}.Release|Any CPU.Build.0 = Release|Any CPU
		{58F2CB49-0E23-4741-BA3D-B472A809FB29}.Debug|Any CPU.ActiveCfg = Debug|Any CPU
		{58F2CB49-0E23-4741-BA3D-B472A809FB29}.Debug|Any CPU.Build.0 = Debug|Any CPU
		{58F2CB49-0E23-4741-BA3D-B472A809FB29}.Release|Any CPU.ActiveCfg = Release|Any CPU
		{58F2CB49-0E23-4741-BA3D-B472A809FB29}.Release|Any CPU.Build.0 = Release|Any CPU
	EndGlobalSection
	GlobalSection(SolutionProperties) = preSolution
		HideSolutionNode = FALSE
	EndGlobalSection
	GlobalSection(ExtensibilityGlobals) = postSolution
		SolutionGuid = {1D57A192-42AF-4445-8AC1-EFF95E3189B0}
	EndGlobalSection
EndGlobal
